{
  "name": "elicitation-demo",
  "lockfileVersion": 3,
  "requires": true,
  "packages": {
    "": {
      "name": "elicitation-demo",
      "devDependencies": {
        "survey-core": "2.5.40"
      }
    },
    "node_modules/survey-core": {
      "version": "2.5.40",
      "resolved": "https://registry.npmjs.org/survey-core/-/survey-core-2.5.40.tgz",
      "integrity": "sha512-Z+p51nDDfW8AXWyPZQUgwM9r4M+4suce0mgrM4wluC7/A7dgtoWS0q2lQ5RXD6osf8RtQ9hqR4S/NcRHu1IdQg==",
      "dev": true,
      "license": "MIT"
    }
  }
}
